// !$*UTF8*$!
{
	archiveVersion = 1;
	classes = {
	};
	objectVersion = 56;
	objects = {

/* Begin PBXBuildFile section */
		4874E306289278F700967BBB /* AppDelegate.swift in Sources */ = {isa = PBXBuildFile; fileRef = 4874E305289278F700967BBB /* AppDelegate.swift */; };
		4874E308289278F700967BBB /* SceneDelegate.swift in Sources */ = {isa = PBXBuildFile; fileRef = 4874E307289278F700967BBB /* SceneDelegate.swift */; };
		4874E30A289278F700967BBB /* ViewController.swift in Sources */ = {isa = PBXBuildFile; fileRef = 4874E309289278F700967BBB /* ViewController.swift */; };
		4874E30D289278F700967BBB /* Main.storyboard in Resources */ = {isa = PBXBuildFile; fileRef = 4874E30B289278F700967BBB /* Main.storyboard */; };
		4874E30F289278F800967BBB /* Assets.xcassets in Resources */ = {isa = PBXBuildFile; fileRef = 4874E30E289278F800967BBB /* Assets.xcassets */; };
		4874E312289278F800967BBB /* LaunchScreen.storyboard in Resources */ = {isa = PBXBuildFile; fileRef = 4874E310289278F800967BBB /* LaunchScreen.storyboard */; };
		4874E3212892795000967BBB /* WidgetKit.framework in Frameworks */ = {isa = PBXBuildFile; fileRef = 4874E3202892795000967BBB /* WidgetKit.framework */; };
		4874E3232892795000967BBB /* SwiftUI.framework in Frameworks */ = {isa = PBXBuildFile; fileRef = 4874E3222892795000967BBB /* SwiftUI.framework */; };
		4874E3262892795000967BBB /* LiveActivity.swift in Sources */ = {isa = PBXBuildFile; fileRef = 4874E3252892795000967BBB /* LiveActivity.swift */; };
		4874E3292892795100967BBB /* Assets.xcassets in Resources */ = {isa = PBXBuildFile; fileRef = 4874E3282892795100967BBB /* Assets.xcassets */; };
		4874E32B2892795100967BBB /* LiveActivity.intentdefinition in Sources */ = {isa = PBXBuildFile; fileRef = 4874E3272892795000967BBB /* LiveActivity.intentdefinition */; };
		4874E32C2892795100967BBB /* LiveActivity.intentdefinition in Sources */ = {isa = PBXBuildFile; fileRef = 4874E3272892795000967BBB /* LiveActivity.intentdefinition */; };
		4874E32F2892795100967BBB /* LiveActivityExtension.appex in Embed Foundation Extensions */ = {isa = PBXBuildFile; fileRef = 4874E31E2892795000967BBB /* LiveActivityExtension.appex */; settings = {ATTRIBUTES = (RemoveHeadersOnCopy, ); }; };
/* End PBXBuildFile section */

/* Begin PBXContainerItemProxy section */
		4874E32D2892795100967BBB /* PBXContainerItemProxy */ = {
			isa = PBXContainerItemProxy;
			containerPortal = 4874E2FA289278F700967BBB /* Project object */;
			proxyType = 1;
			remoteGlobalIDString = 4874E31D2892795000967BBB;
			remoteInfo = LiveActivityExtension;
		};
/* End PBXContainerItemProxy section */

/* Begin PBXCopyFilesBuildPhase section */
		4874E3332892795100967BBB /* Embed Foundation Extensions */ = {
			isa = PBXCopyFilesBuildPhase;
			buildActionMask = 2147483647;
			dstPath = "";
			dstSubfolderSpec = 13;
			files = (
				4874E32F2892795100967BBB /* LiveActivityExtension.appex in Embed Foundation Extensions */,
			);
			name = "Embed Foundation Extensions";
			runOnlyForDeploymentPostprocessing = 0;
		};
/* End PBXCopyFilesBuildPhase section */

/* Begin PBXFileReference section */
		4874E302289278F700967BBB /* Test-Swift.app */ = {isa = PBXFileReference; explicitFileType = wrapper.application; includeInIndex = 0; path = "Test-Swift.app"; sourceTree = BUILT_PRODUCTS_DIR; };
		4874E305289278F700967BBB /* AppDelegate.swift */ = {isa = PBXFileReference; lastKnownFileType = sourcecode.swift; path = AppDelegate.swift; sourceTree = "<group>"; };
		4874E307289278F700967BBB /* SceneDelegate.swift */ = {isa = PBXFileReference; lastKnownFileType = sourcecode.swift; path = SceneDelegate.swift; sourceTree = "<group>"; };
		4874E309289278F700967BBB /* ViewController.swift */ = {isa = PBXFileReference; lastKnownFileType = sourcecode.swift; path = ViewController.swift; sourceTree = "<group>"; };
		4874E30C289278F700967BBB /* Base */ = {isa = PBXFileReference; lastKnownFileType = file.storyboard; name = Base; path = Base.lproj/Main.storyboard; sourceTree = "<group>"; };
		4874E30E289278F800967BBB /* Assets.xcassets */ = {isa = PBXFileReference; lastKnownFileType = folder.assetcatalog; path = Assets.xcassets; sourceTree = "<group>"; };
		4874E311289278F800967BBB /* Base */ = {isa = PBXFileReference; lastKnownFileType = file.storyboard; name = Base; path = Base.lproj/LaunchScreen.storyboard; sourceTree = "<group>"; };
		4874E313289278F800967BBB /* Info.plist */ = {isa = PBXFileReference; lastKnownFileType = text.plist.xml; path = Info.plist; sourceTree = "<group>"; };
		4874E3192892792200967BBB /* Test-Swift.entitlements */ = {isa = PBXFileReference; lastKnownFileType = text.plist.entitlements; path = "Test-Swift.entitlements"; sourceTree = "<group>"; };
		4874E31E2892795000967BBB /* LiveActivityExtension.appex */ = {isa = PBXFileReference; explicitFileType = "wrapper.app-extension"; includeInIndex = 0; path = LiveActivityExtension.appex; sourceTree = BUILT_PRODUCTS_DIR; };
		4874E3202892795000967BBB /* WidgetKit.framework */ = {isa = PBXFileReference; lastKnownFileType = wrapper.framework; name = WidgetKit.framework; path = System/Library/Frameworks/WidgetKit.framework; sourceTree = SDKROOT; };
		4874E3222892795000967BBB /* SwiftUI.framework */ = {isa = PBXFileReference; lastKnownFileType = wrapper.framework; name = SwiftUI.framework; path = System/Library/Frameworks/SwiftUI.framework; sourceTree = SDKROOT; };
		4874E3252892795000967BBB /* LiveActivity.swift */ = {isa = PBXFileReference; lastKnownFileType = sourcecode.swift; path = LiveActivity.swift; sourceTree = "<group>"; };
		4874E3272892795000967BBB /* LiveActivity.intentdefinition */ = {isa = PBXFileReference; lastKnownFileType = file.intentdefinition; path = LiveActivity.intentdefinition; sourceTree = "<group>"; };
		4874E3282892795100967BBB /* Assets.xcassets */ = {isa = PBXFileReference; lastKnownFileType = folder.assetcatalog; path = Assets.xcassets; sourceTree = "<group>"; };
		4874E32A2892795100967BBB /* Info.plist */ = {isa = PBXFileReference; lastKnownFileType = text.plist.xml; path = Info.plist; sourceTree = "<group>"; };
/* End PBXFileReference section */

/* Begin PBXFrameworksBuildPhase section */
		4874E2FF289278F700967BBB /* Frameworks */ = {
			isa = PBXFrameworksBuildPhase;
			buildActionMask = 2147483647;
			files = (
			);
			runOnlyForDeploymentPostprocessing = 0;
		};
		4874E31B2892795000967BBB /* Frameworks */ = {
			isa = PBXFrameworksBuildPhase;
			buildActionMask = 2147483647;
			files = (
				4874E3232892795000967BBB /* SwiftUI.framework in Frameworks */,
				4874E3212892795000967BBB /* WidgetKit.framework in Frameworks */,
			);
			runOnlyForDeploymentPostprocessing = 0;
		};
/* End PBXFrameworksBuildPhase section */

/* Begin PBXGroup section */
		4874E2F9289278F700967BBB = {
			isa = PBXGroup;
			children = (
				4874E304289278F700967BBB /* Test-Swift */,
				4874E3242892795000967BBB /* LiveActivity */,
				4874E31F2892795000967BBB /* Frameworks */,
				4874E303289278F700967BBB /* Products */,
			);
			sourceTree = "<group>";
		};
		4874E303289278F700967BBB /* Products */ = {
			isa = PBXGroup;
			children = (
				4874E302289278F700967BBB /* Test-Swift.app */,
				4874E31E2892795000967BBB /* LiveActivityExtension.appex */,
			);
			name = Products;
			sourceTree = "<group>";
		};
		4874E304289278F700967BBB /* Test-Swift */ = {
			isa = PBXGroup;
			children = (
				4874E3192892792200967BBB /* Test-Swift.entitlements */,
				4874E305289278F700967BBB /* AppDelegate.swift */,
				4874E307289278F700967BBB /* SceneDelegate.swift */,
				4874E309289278F700967BBB /* ViewController.swift */,
				4874E30B289278F700967BBB /* Main.storyboard */,
				4874E30E289278F800967BBB /* Assets.xcassets */,
				4874E310289278F800967BBB /* LaunchScreen.storyboard */,
				4874E313289278F800967BBB /* Info.plist */,
			);
			path = "Test-Swift";
			sourceTree = "<group>";
		};
		4874E31F2892795000967BBB /* Frameworks */ = {
			isa = PBXGroup;
			children = (
				4874E3202892795000967BBB /* WidgetKit.framework */,
				4874E3222892795000967BBB /* SwiftUI.framework */,
			);
			name = Frameworks;
			sourceTree = "<group>";
		};
		4874E3242892795000967BBB /* LiveActivity */ = {
			isa = PBXGroup;
			children = (
				4874E3252892795000967BBB /* LiveActivity.swift */,
				4874E3272892795000967BBB /* LiveActivity.intentdefinition */,
				4874E3282892795100967BBB /* Assets.xcassets */,
				4874E32A2892795100967BBB /* Info.plist */,
			);
			path = LiveActivity;
			sourceTree = "<group>";
		};
/* End PBXGroup section */

/* Begin PBXNativeTarget section */
		4874E301289278F700967BBB /* Test-Swift */ = {
			isa = PBXNativeTarget;
			buildConfigurationList = 4874E316289278F800967BBB /* Build configuration list for PBXNativeTarget "Test-Swift" */;
			buildPhases = (
				4874E2FE289278F700967BBB /* Sources */,
				4874E2FF289278F700967BBB /* Frameworks */,
				4874E300289278F700967BBB /* Resources */,
				4874E3332892795100967BBB /* Embed Foundation Extensions */,
			);
			buildRules = (
			);
			dependencies = (
				4874E32E2892795100967BBB /* PBXTargetDependency */,
			);
			name = "Test-Swift";
			productName = "Test-Swift";
			productReference = 4874E302289278F700967BBB /* Test-Swift.app */;
			productType = "com.apple.product-type.application";
		};
		4874E31D2892795000967BBB /* LiveActivityExtension */ = {
			isa = PBXNativeTarget;
			buildConfigurationList = 4874E3302892795100967BBB /* Build configuration list for PBXNativeTarget "LiveActivityExtension" */;
			buildPhases = (
				4874E31A2892795000967BBB /* Sources */,
				4874E31B2892795000967BBB /* Frameworks */,
				4874E31C2892795000967BBB /* Resources */,
			);
			buildRules = (
			);
			dependencies = (
			);
			name = LiveActivityExtension;
			productName = LiveActivityExtension;
			productReference = 4874E31E2892795000967BBB /* LiveActivityExtension.appex */;
			productType = "com.apple.product-type.app-extension";
		};
/* End PBXNativeTarget section */

/* Begin PBXProject section */
		4874E2FA289278F700967BBB /* Project object */ = {
			isa = PBXProject;
			attributes = {
				BuildIndependentTargetsInParallel = 1;
				LastSwiftUpdateCheck = 1400;
				LastUpgradeCheck = 1400;
				TargetAttributes = {
					4874E301289278F700967BBB = {
						CreatedOnToolsVersion = 14.0;
					};
					4874E31D2892795000967BBB = {
						CreatedOnToolsVersion = 14.0;
					};
				};
			};
			buildConfigurationList = 4874E2FD289278F700967BBB /* Build configuration list for PBXProject "Test-Swift" */;
			compatibilityVersion = "Xcode 14.0";
			developmentRegion = en;
			hasScannedForEncodings = 0;
			knownRegions = (
				en,
				Base,
			);
			mainGroup = 4874E2F9289278F700967BBB;
			productRefGroup = 4874E303289278F700967BBB /* Products */;
			projectDirPath = "";
			projectRoot = "";
			targets = (
				4874E301289278F700967BBB /* Test-Swift */,
				4874E31D2892795000967BBB /* LiveActivityExtension */,
			);
		};
/* End PBXProject section */

/* Begin PBXResourcesBuildPhase section */
		4874E300289278F700967BBB /* Resources */ = {
			isa = PBXResourcesBuildPhase;
			buildActionMask = 2147483647;
			files = (
				4874E312289278F800967BBB /* LaunchScreen.storyboard in Resources */,
				4874E30F289278F800967BBB /* Assets.xcassets in Resources */,
				4874E30D289278F700967BBB /* Main.storyboard in Resources */,
			);
			runOnlyForDeploymentPostprocessing = 0;
		};
		4874E31C2892795000967BBB /* Resources */ = {
			isa = PBXResourcesBuildPhase;
			buildActionMask = 2147483647;
			files = (
				4874E3292892795100967BBB /* Assets.xcassets in Resources */,
			);
			runOnlyForDeploymentPostprocessing = 0;
		};
/* End PBXResourcesBuildPhase section */

/* Begin PBXSourcesBuildPhase section */
		4874E2FE289278F700967BBB /* Sources */ = {
			isa = PBXSourcesBuildPhase;
			buildActionMask = 2147483647;
			files = (
				4874E30A289278F700967BBB /* ViewController.swift in Sources */,
				4874E306289278F700967BBB /* AppDelegate.swift in Sources */,
				4874E308289278F700967BBB /* SceneDelegate.swift in Sources */,
				4874E32C2892795100967BBB /* LiveActivity.intentdefinition in Sources */,
			);
			runOnlyForDeploymentPostprocessing = 0;
		};
		4874E31A2892795000967BBB /* Sources */ = {
			isa = PBXSourcesBuildPhase;
			buildActionMask = 2147483647;
			files = (
				4874E3262892795000967BBB /* LiveActivity.swift in Sources */,
				4874E32B2892795100967BBB /* LiveActivity.intentdefinition in Sources */,
			);
			runOnlyForDeploymentPostprocessing = 0;
		};
/* End PBXSourcesBuildPhase section */

/* Begin PBXTargetDependency section */
		4874E32E2892795100967BBB /* PBXTargetDependency */ = {
			isa = PBXTargetDependency;
			target = 4874E31D2892795000967BBB /* LiveActivityExtension */;
			targetProxy = 4874E32D2892795100967BBB /* PBXContainerItemProxy */;
		};
/* End PBXTargetDependency section */

/* Begin PBXVariantGroup section */
		4874E30B289278F700967BBB /* Main.storyboard */ = {
			isa = PBXVariantGroup;
			children = (
				4874E30C289278F700967BBB /* Base */,
			);
			name = Main.storyboard;
			sourceTree = "<group>";
		};
		4874E310289278F800967BBB /* LaunchScreen.storyboard */ = {
			isa = PBXVariantGroup;
			children = (
				4874E311289278F800967BBB /* Base */,
			);
			name = LaunchScreen.storyboard;
			sourceTree = "<group>";
		};
/* End PBXVariantGroup section */

/* Begin XCBuildConfiguration section */
		4874E314289278F800967BBB /* Debug */ = {
			isa = XCBuildConfiguration;
			buildSettings = {
				ALWAYS_SEARCH_USER_PATHS = NO;
				CLANG_ANALYZER_NONNULL = YES;
				CLANG_ANALYZER_NUMBER_OBJECT_CONVERSION = YES_AGGRESSIVE;
				CLANG_CXX_LANGUAGE_STANDARD = "gnu++20";
				CLANG_ENABLE_MODULES = YES;
				CLANG_ENABLE_OBJC_ARC = YES;
				CLANG_ENABLE_OBJC_WEAK = YES;
				CLANG_WARN_BLOCK_CAPTURE_AUTORELEASING = YES;
				CLANG_WARN_BOOL_CONVERSION = YES;
				CLANG_WARN_COMMA = YES;
				CLANG_WARN_CONSTANT_CONVERSION = YES;
				CLANG_WARN_DEPRECATED_OBJC_IMPLEMENTATIONS = YES;
				CLANG_WARN_DIRECT_OBJC_ISA_USAGE = YES_ERROR;
				CLANG_WARN_DOCUMENTATION_COMMENTS = YES;
				CLANG_WARN_EMPTY_BODY = YES;
				CLANG_WARN_ENUM_CONVERSION = YES;
				CLANG_WARN_INFINITE_RECURSION = YES;
				CLANG_WARN_INT_CONVERSION = YES;
				CLANG_WARN_NON_LITERAL_NULL_CONVERSION = YES;
				CLANG_WARN_OBJC_IMPLICIT_RETAIN_SELF = YES;
				CLANG_WARN_OBJC_LITERAL_CONVERSION = YES;
				CLANG_WARN_OBJC_ROOT_CLASS = YES_ERROR;
				CLANG_WARN_QUOTED_INCLUDE_IN_FRAMEWORK_HEADER = YES;
				CLANG_WARN_RANGE_LOOP_ANALYSIS = YES;
				CLANG_WARN_STRICT_PROTOTYPES = YES;
				CLANG_WARN_SUSPICIOUS_MOVE = YES;
				CLANG_WARN_UNGUARDED_AVAILABILITY = YES_AGGRESSIVE;
				CLANG_WARN_UNREACHABLE_CODE = YES;
				CLANG_WARN__DUPLICATE_METHOD_MATCH = YES;
				COPY_PHASE_STRIP = NO;
				DEBUG_INFORMATION_FORMAT = dwarf;
				ENABLE_STRICT_OBJC_MSGSEND = YES;
				ENABLE_TESTABILITY = YES;
				GCC_C_LANGUAGE_STANDARD = gnu11;
				GCC_DYNAMIC_NO_PIC = NO;
				GCC_NO_COMMON_BLOCKS = YES;
				GCC_OPTIMIZATION_LEVEL = 0;
				GCC_PREPROCESSOR_DEFINITIONS = (
					"DEBUG=1",
					"$(inherited)",
				);
				GCC_WARN_64_TO_32_BIT_CONVERSION = YES;
				GCC_WARN_ABOUT_RETURN_TYPE = YES_ERROR;
				GCC_WARN_UNDECLARED_SELECTOR = YES;
				GCC_WARN_UNINITIALIZED_AUTOS = YES_AGGRESSIVE;
				GCC_WARN_UNUSED_FUNCTION = YES;
				GCC_WARN_UNUSED_VARIABLE = YES;
				IPHONEOS_DEPLOYMENT_TARGET = 16.0;
				MTL_ENABLE_DEBUG_INFO = INCLUDE_SOURCE;
				MTL_FAST_MATH = YES;
				ONLY_ACTIVE_ARCH = YES;
				SDKROOT = iphoneos;
				SWIFT_ACTIVE_COMPILATION_CONDITIONS = DEBUG;
				SWIFT_OPTIMIZATION_LEVEL = "-Onone";
			};
			name = Debug;
		};
		4874E315289278F800967BBB /* Release */ = {
			isa = XCBuildConfiguration;
			buildSettings = {
				ALWAYS_SEARCH_USER_PATHS = NO;
				CLANG_ANALYZER_NONNULL = YES;
				CLANG_ANALYZER_NUMBER_OBJECT_CONVERSION = YES_AGGRESSIVE;
				CLANG_CXX_LANGUAGE_STANDARD = "gnu++20";
				CLANG_ENABLE_MODULES = YES;
				CLANG_ENABLE_OBJC_ARC = YES;
				CLANG_ENABLE_OBJC_WEAK = YES;
				CLANG_WARN_BLOCK_CAPTURE_AUTORELEASING = YES;
				CLANG_WARN_BOOL_CONVERSION = YES;
				CLANG_WARN_COMMA = YES;
				CLANG_WARN_CONSTANT_CONVERSION = YES;
				CLANG_WARN_DEPRECATED_OBJC_IMPLEMENTATIONS = YES;
				CLANG_WARN_DIRECT_OBJC_ISA_USAGE = YES_ERROR;
				CLANG_WARN_DOCUMENTATION_COMMENTS = YES;
				CLANG_WARN_EMPTY_BODY = YES;
				CLANG_WARN_ENUM_CONVERSION = YES;
				CLANG_WARN_INFINITE_RECURSION = YES;
				CLANG_WARN_INT_CONVERSION = YES;
				CLANG_WARN_NON_LITERAL_NULL_CONVERSION = YES;
				CLANG_WARN_OBJC_IMPLICIT_RETAIN_SELF = YES;
				CLANG_WARN_OBJC_LITERAL_CONVERSION = YES;
				CLANG_WARN_OBJC_ROOT_CLASS = YES_ERROR;
				CLANG_WARN_QUOTED_INCLUDE_IN_FRAMEWORK_HEADER = YES;
				CLANG_WARN_RANGE_LOOP_ANALYSIS = YES;
				CLANG_WARN_STRICT_PROTOTYPES = YES;
				CLANG_WARN_SUSPICIOUS_MOVE = YES;
				CLANG_WARN_UNGUARDED_AVAILABILITY = YES_AGGRESSIVE;
				CLANG_WARN_UNREACHABLE_CODE = YES;
				CLANG_WARN__DUPLICATE_METHOD_MATCH = YES;
				COPY_PHASE_STRIP = NO;
				DEBUG_INFORMATION_FORMAT = "dwarf-with-dsym";
				ENABLE_NS_ASSERTIONS = NO;
				ENABLE_STRICT_OBJC_MSGSEND = YES;
				GCC_C_LANGUAGE_STANDARD = gnu11;
				GCC_NO_COMMON_BLOCKS = YES;
				GCC_WARN_64_TO_32_BIT_CONVERSION = YES;
				GCC_WARN_ABOUT_RETURN_TYPE = YES_ERROR;
				GCC_WARN_UNDECLARED_SELECTOR = YES;
				GCC_WARN_UNINITIALIZED_AUTOS = YES_AGGRESSIVE;
				GCC_WARN_UNUSED_FUNCTION = YES;
				GCC_WARN_UNUSED_VARIABLE = YES;
				IPHONEOS_DEPLOYMENT_TARGET = 16.0;
				MTL_ENABLE_DEBUG_INFO = NO;
				MTL_FAST_MATH = YES;
				SDKROOT = iphoneos;
				SWIFT_COMPILATION_MODE = wholemodule;
				SWIFT_OPTIMIZATION_LEVEL = "-O";
				VALIDATE_PRODUCT = YES;
			};
			name = Release;
		};
		4874E317289278F800967BBB /* Debug */ = {
			isa = XCBuildConfiguration;
			buildSettings = {
				ALWAYS_EMBED_SWIFT_STANDARD_LIBRARIES = YES;
				ASSETCATALOG_COMPILER_APPICON_NAME = AppIcon;
				ASSETCATALOG_COMPILER_GLOBAL_ACCENT_COLOR_NAME = AccentColor;
				CODE_SIGN_ENTITLEMENTS = "Test-Swift/Test-Swift.entitlements";
				CODE_SIGN_STYLE = Automatic;
				CURRENT_PROJECT_VERSION = 1;
				DEVELOPMENT_TEAM = 5TU5547C6N;
				GENERATE_INFOPLIST_FILE = YES;
				INFOPLIST_FILE = "Test-Swift/Info.plist";
				INFOPLIST_KEY_UIApplicationSupportsIndirectInputEvents = YES;
				INFOPLIST_KEY_UILaunchStoryboardName = LaunchScreen;
				INFOPLIST_KEY_UIMainStoryboardFile = Main;
				INFOPLIST_KEY_UISupportedInterfaceOrientations_iPad = "UIInterfaceOrientationPortrait UIInterfaceOrientationPortraitUpsideDown UIInterfaceOrientationLandscapeLeft UIInterfaceOrientationLandscapeRight";
				INFOPLIST_KEY_UISupportedInterfaceOrientations_iPhone = "UIInterfaceOrientationPortrait UIInterfaceOrientationLandscapeLeft UIInterfaceOrientationLandscapeRight";
				IPHONEOS_DEPLOYMENT_TARGET = 16.1;
				LD_RUNPATH_SEARCH_PATHS = (
					"$(inherited)",
					"@executable_path/Frameworks",
				);
				MARKETING_VERSION = 1.0;
				PRODUCT_BUNDLE_IDENTIFIER = com.wudan.com.liveActivity.test;
				PRODUCT_NAME = "$(TARGET_NAME)";
				SWIFT_EMIT_LOC_STRINGS = YES;
				SWIFT_VERSION = 5.0;
				TARGETED_DEVICE_FAMILY = "1,2";
			};
			name = Debug;
		};
		4874E318289278F800967BBB /* Release */ = {
			isa = XCBuildConfiguration;
			buildSettings = {
				ALWAYS_EMBED_SWIFT_STANDARD_LIBRARIES = YES;
				ASSETCATALOG_COMPILER_APPICON_NAME = AppIcon;
				ASSETCATALOG_COMPILER_GLOBAL_ACCENT_COLOR_NAME = AccentColor;
				CODE_SIGN_ENTITLEMENTS = "Test-Swift/Test-Swift.entitlements";
				CODE_SIGN_STYLE = Automatic;
				CURRENT_PROJECT_VERSION = 1;
				DEVELOPMENT_TEAM = 5TU5547C6N;
				GENERATE_INFOPLIST_FILE = YES;
				INFOPLIST_FILE = "Test-Swift/Info.plist";
				INFOPLIST_KEY_UIApplicationSupportsIndirectInputEvents = YES;
				INFOPLIST_KEY_UILaunchStoryboardName = LaunchScreen;
				INFOPLIST_KEY_UIMainStoryboardFile = Main;
				INFOPLIST_KEY_UISupportedInterfaceOrientations_iPad = "UIInterfaceOrientationPortrait UIInterfaceOrientationPortraitUpsideDown UIInterfaceOrientationLandscapeLeft UIInterfaceOrientationLandscapeRight";
				INFOPLIST_KEY_UISupportedInterfaceOrientations_iPhone = "UIInterfaceOrientationPortrait UIInterfaceOrientationLandscapeLeft UIInterfaceOrientationLandscapeRight";
				IPHONEOS_DEPLOYMENT_TARGET = 16.1;
				LD_RUNPATH_SEARCH_PATHS = (
					"$(inherited)",
					"@executable_path/Frameworks",
				);
				MARKETING_VERSION = 1.0;
				PRODUCT_BUNDLE_IDENTIFIER = com.wudan.com.liveActivity.test;
				PRODUCT_NAME = "$(TARGET_NAME)";
				SWIFT_EMIT_LOC_STRINGS = YES;
				SWIFT_VERSION = 5.0;
				TARGETED_DEVICE_FAMILY = "1,2";
			};
			name = Release;
		};
		4874E3312892795100967BBB /* Debug */ = {
			isa = XCBuildConfiguration;
			buildSettings = {
				ASSETCATALOG_COMPILER_GLOBAL_ACCENT_COLOR_NAME = AccentColor;
				ASSETCATALOG_COMPILER_WIDGET_BACKGROUND_COLOR_NAME = WidgetBackground;
				CODE_SIGN_STYLE = Automatic;
				CURRENT_PROJECT_VERSION = 1;
				DEVELOPMENT_TEAM = 5TU5547C6N;
				GENERATE_INFOPLIST_FILE = YES;
				INFOPLIST_FILE = LiveActivity/Info.plist;
				INFOPLIST_KEY_CFBundleDisplayName = LiveActivity;
				INFOPLIST_KEY_NSHumanReadableCopyright = "";
				LD_RUNPATH_SEARCH_PATHS = (
					"$(inherited)",
					"@executable_path/Frameworks",
					"@executable_path/../../Frameworks",
				);
				MARKETING_VERSION = 1.0;
				PRODUCT_BUNDLE_IDENTIFIER = com.wudan.com.liveActivity.test.LiveActivity;
				PRODUCT_NAME = "$(TARGET_NAME)";
				SKIP_INSTALL = YES;
				SWIFT_EMIT_LOC_STRINGS = YES;
				SWIFT_VERSION = 5.0;
				TARGETED_DEVICE_FAMILY = "1,2";
			};
			name = Debug;
		};
		4874E3322892795100967BBB /* Release */ = {
			isa = XCBuildConfiguration;
			buildSettings = {
				ASSETCATALOG_COMPILER_GLOBAL_ACCENT_COLOR_NAME = AccentColor;
				ASSETCATALOG_COMPILER_WIDGET_BACKGROUND_COLOR_NAME = WidgetBackground;
				CODE_SIGN_STYLE = Automatic;
				CURRENT_PROJECT_VERSION = 1;
				DEVELOPMENT_TEAM = 5TU5547C6N;
				GENERATE_INFOPLIST_FILE = YES;
				INFOPLIST_FILE = LiveActivity/Info.plist;
				INFOPLIST_KEY_CFBundleDisplayName = LiveActivity;
				INFOPLIST_KEY_NSHumanReadableCopyright = "";
				LD_RUNPATH_SEARCH_PATHS = (
					"$(inherited)",
					"@executable_path/Frameworks",
					"@executable_path/../../Frameworks",
				);
				MARKETING_VERSION = 1.0;
				PRODUCT_BUNDLE_IDENTIFIER = com.wudan.com.liveActivity.test.LiveActivity;
				PRODUCT_NAME = "$(TARGET_NAME)";
				SKIP_INSTALL = YES;
				SWIFT_EMIT_LOC_STRINGS = YES;
				SWIFT_VERSION = 5.0;
				TARGETED_DEVICE_FAMILY = "1,2";
			};
			name = Release;
		};
/* End XCBuildConfiguration section */

/* Begin XCConfigurationList section */
		4874E2FD289278F700967BBB /* Build configuration list for PBXProject "Test-Swift" */ = {
			isa = XCConfigurationList;
			buildConfigurations = (
				4874E314289278F800967BBB /* Debug */,
				4874E315289278F800967BBB /* Release */,
			);
			defaultConfigurationIsVisible = 0;
			defaultConfigurationName = Release;
		};
		4874E316289278F800967BBB /* Build configuration list for PBXNativeTarget "Test-Swift" */ = {
			isa = XCConfigurationList;
			buildConfigurations = (
				4874E317289278F800967BBB /* Debug */,
				4874E318289278F800967BBB /* Release */,
			);
			defaultConfigurationIsVisible = 0;
			defaultConfigurationName = Release;
		};
		4874E3302892795100967BBB /* Build configuration list for PBXNativeTarget "LiveActivityExtension" */ = {
			isa = XCConfigurationList;
			buildConfigurations = (
				4874E3312892795100967BBB /* Debug */,
				4874E3322892795100967BBB /* Release */,
			);
			defaultConfigurationIsVisible = 0;
			defaultConfigurationName = Release;
		};
/* End XCConfigurationList section */
	};
	rootObject = 4874E2FA289278F700967BBB /* Project object */;
}
